
Microsoft Visual Studio Solution File, Format Version 12.00
# Visual Studio Version 16
VisualStudioVersion = 16.0.32413.511
MinimumVisualStudioVersion = 10.0.40219.1
Project("{9A19103F-16F7-4668-BE54-9A1E7A4F7556}") = "KonusarakOgren", "KonusarakOgren.csproj", "{956DCC57-19EB-44D6-B2C0-638D11D6459A}"
EndProject
Global
	GlobalSection(SolutionConfigurationPlatforms) = preSolution
		Debug|Any CPU = Debug|Any CPU
		Release|Any CPU = Release|Any CPU
	EndGlobalSection
	GlobalSection(ProjectConfigurationPlatforms) = postSolution
		{956DCC57-19EB-44D6-B2C0-638D11D6459A}.Debug|Any CPU.ActiveCfg = Debug|Any CPU
		{956DCC57-19EB-44D6-B2C0-638D11D6459A}.Debug|Any CPU.Build.0 = Debug|Any CPU
		{956DCC57-19EB-44D6-B2C0-638D11D6459A}.Release|Any CPU.ActiveCfg = Release|Any CPU
		{956DCC57-19EB-44D6-B2C0-638D11D6459A}.Release|Any CPU.Build.0 = Release|Any CPU
	EndGlobalSection
	GlobalSection(SolutionProperties) = preSolution
		HideSolutionNode = FALSE
	EndGlobalSection
	GlobalSection(ExtensibilityGlobals) = postSolution
		SolutionGuid = {FF1E7F75-742B-4D71-9468-1913C39FA9E2}
	EndGlobalSection
EndGlobal
